
Microsoft Visual Studio Solution File, Format Version 12.00
# Visual Studio Version 17
VisualStudioVersion = 17.4.33213.308
MinimumVisualStudioVersion = 10.0.40219.1
Project("{FAE04EC0-301F-11D3-BF4B-00C04F79EFBC}") = "code", "code\code.csproj", "{DAD6ABB1-BD92-4D5F-80EA-12EB049527DC}"
EndProject
Global
	GlobalSection(SolutionConfigurationPlatforms) = preSolution
		Debug|Any CPU = Debug|Any CPU
		Release|Any CPU = Release|Any CPU
	EndGlobalSection
	GlobalSection(ProjectConfigurationPlatforms) = postSolution
		{DAD6ABB1-BD92-4D5F-80EA-12EB049527DC}.Debug|Any CPU.ActiveCfg = Debug|Any CPU
		{DAD6ABB1-BD92-4D5F-80EA-12EB049527DC}.Debug|Any CPU.Build.0 = Debug|Any CPU
		{DAD6ABB1-BD92-4D5F-80EA-12EB049527DC}.Release|Any CPU.ActiveCfg = Release|Any CPU
		{DAD6ABB1-BD92-4D5F-80EA-12EB049527DC}.Release|Any CPU.Build.0 = Release|Any CPU
	EndGlobalSection
	GlobalSection(SolutionProperties) = preSolution
		HideSolutionNode = FALSE
	EndGlobalSection
	GlobalSection(ExtensibilityGlobals) = postSolution
		SolutionGuid = {05DB39CC-F59C-4215-83BD-C687C4EAFD2E}
	EndGlobalSection
EndGlobal
